
Microsoft Visual Studio Solution File, Format Version 12.00
# Visual Studio Version 17
VisualStudioVersion = 17.2.32616.157
MinimumVisualStudioVersion = 10.0.40219.1
Project("{FAE04EC0-301F-11D3-BF4B-00C04F79EFBC}") = "RideYouRentST10090990", "RideYouRentST10090990\RideYouRentST10090990.csproj", "{05E9E2D7-9DB0-4BB2-84D2-0D5C70DD8B2A}"
EndProject
Global
	GlobalSection(SolutionConfigurationPlatforms) = preSolution
		Debug|Any CPU = Debug|Any CPU
		Release|Any CPU = Release|Any CPU
	EndGlobalSection
	GlobalSection(ProjectConfigurationPlatforms) = postSolution
		{05E9E2D7-9DB0-4BB2-84D2-0D5C70DD8B2A}.Debug|Any CPU.ActiveCfg = Debug|Any CPU
		{05E9E2D7-9DB0-4BB2-84D2-0D5C70DD8B2A}.Debug|Any CPU.Build.0 = Debug|Any CPU
		{05E9E2D7-9DB0-4BB2-84D2-0D5C70DD8B2A}.Release|Any CPU.ActiveCfg = Release|Any CPU
		{05E9E2D7-9DB0-4BB2-84D2-0D5C70DD8B2A}.Release|Any CPU.Build.0 = Release|Any CPU
	EndGlobalSection
	GlobalSection(SolutionProperties) = preSolution
		HideSolutionNode = FALSE
	EndGlobalSection
	GlobalSection(ExtensibilityGlobals) = postSolution
		SolutionGuid = {8B93CF04-E0BC-4261-9C2A-D056E6CCFF6D}
	EndGlobalSection
EndGlobal
